// !$*UTF8*$!
{
	archiveVersion = 1;
	classes = {
	};
	objectVersion = 50;
	objects = {

/* Begin PBXBuildFile section */
		04AFEAED2400807A00C46764 /* AppDelegate.swift in Sources */ = {isa = PBXBuildFile; fileRef = 04AFEAEC2400807A00C46764 /* AppDelegate.swift */; };
		04AFEAEF2400807A00C46764 /* SceneDelegate.swift in Sources */ = {isa = PBXBuildFile; fileRef = 04AFEAEE2400807A00C46764 /* SceneDelegate.swift */; };
		04AFEAF12400807A00C46764 /* ViewController.swift in Sources */ = {isa = PBXBuildFile; fileRef = 04AFEAF02400807A00C46764 /* ViewController.swift */; };
		04AFEAF42400807A00C46764 /* Main.storyboard in Resources */ = {isa = PBXBuildFile; fileRef = 04AFEAF22400807A00C46764 /* Main.storyboard */; };
		04AFEAF62400807C00C46764 /* Assets.xcassets in Resources */ = {isa = PBXBuildFile; fileRef = 04AFEAF52400807C00C46764 /* Assets.xcassets */; };
		04AFEAF92400807C00C46764 /* LaunchScreen.storyboard in Resources */ = {isa = PBXBuildFile; fileRef = 04AFEAF72400807C00C46764 /* LaunchScreen.storyboard */; };
/* End PBXBuildFile section */

/* Begin PBXFileReference section */
		04AFEAE92400807A00C46764 /* ConflictResolution.app */ = {isa = PBXFileReference; explicitFileType = wrapper.application; includeInIndex = 0; path = ConflictResolution.app; sourceTree = BUILT_PRODUCTS_DIR; };
		04AFEAEC2400807A00C46764 /* AppDelegate.swift */ = {isa = PBXFileReference; lastKnownFileType = sourcecode.swift; path = AppDelegate.swift; sourceTree = "<group>"; };
		04AFEAEE2400807A00C46764 /* SceneDelegate.swift */ = {isa = PBXFileReference; lastKnownFileType = sourcecode.swift; path = SceneDelegate.swift; sourceTree = "<group>"; };
		04AFEAF02400807A00C46764 /* ViewController.swift */ = {isa = PBXFileReference; lastKnownFileType = sourcecode.swift; path = ViewController.swift; sourceTree = "<group>"; };
		04AFEAF32400807A00C46764 /* Base */ = {isa = PBXFileReference; lastKnownFileType = file.storyboard; name = Base; path = Base.lproj/Main.storyboard; sourceTree = "<group>"; };
		04AFEAF52400807C00C46764 /* Assets.xcassets */ = {isa = PBXFileReference; lastKnownFileType = folder.assetcatalog; path = Assets.xcassets; sourceTree = "<group>"; };
		04AFEAF82400807C00C46764 /* Base */ = {isa = PBXFileReference; lastKnownFileType = file.storyboard; name = Base; path = Base.lproj/LaunchScreen.storyboard; sourceTree = "<group>"; };
		04AFEAFA2400807C00C46764 /* Info.plist */ = {isa = PBXFileReference; lastKnownFileType = text.plist.xml; path = Info.plist; sourceTree = "<group>"; };
/* End PBXFileReference section */

/* Begin PBXFrameworksBuildPhase section */
		04AFEAE62400807A00C46764 /* Frameworks */ = {
			isa = PBXFrameworksBuildPhase;
			buildActionMask = 2147483647;
			files = (
			);
			runOnlyForDeploymentPostprocessing = 0;
		};
/* End PBXFrameworksBuildPhase section */

/* Begin PBXGroup section */
		04AFEAE02400807A00C46764 = {
			isa = PBXGroup;
			children = (
				04AFEAEB2400807A00C46764 /* ConflictResolution */,
				04AFEAEA2400807A00C46764 /* Products */,
			);
			sourceTree = "<group>";
		};
		04AFEAEA2400807A00C46764 /* Products */ = {
			isa = PBXGroup;
			children = (
				04AFEAE92400807A00C46764 /* ConflictResolution.app */,
			);
			name = Products;
			sourceTree = "<group>";
		};
		04AFEAEB2400807A00C46764 /* ConflictResolution */ = {
			isa = PBXGroup;
			children = (
				04AFEAEC2400807A00C46764 /* AppDelegate.swift */,
				04AFEAEE2400807A00C46764 /* SceneDelegate.swift */,
				04AFEAF02400807A00C46764 /* ViewController.swift */,
				04AFEAF22400807A00C46764 /* Main.storyboard */,
				04AFEAF52400807C00C46764 /* Assets.xcassets */,
				04AFEAF72400807C00C46764 /* LaunchScreen.storyboard */,
				04AFEAFA2400807C00C46764 /* Info.plist */,
			);
			path = ConflictResolution;
			sourceTree = "<group>";
		};
/* End PBXGroup section */

/* Begin PBXNativeTarget section */
		04AFEAE82400807A00C46764 /* ConflictResolution */ = {
			isa = PBXNativeTarget;
			buildConfigurationList = 04AFEAFD2400807C00C46764 /* Build configuration list for PBXNativeTarget "ConflictResolution" */;
			buildPhases = (
				04AFEAE52400807A00C46764 /* Sources */,
				04AFEAE62400807A00C46764 /* Frameworks */,
				04AFEAE72400807A00C46764 /* Resources */,
			);
			buildRules = (
			);
			dependencies = (
			);
			name = ConflictResolution;
			productName = ConflictResolution;
			productReference = 04AFEAE92400807A00C46764 /* ConflictResolution.app */;
			productType = "com.apple.product-type.application";
		};
/* End PBXNativeTarget section */

/* Begin PBXProject section */
		04AFEAE12400807A00C46764 /* Project object */ = {
			isa = PBXProject;
			attributes = {
				LastSwiftUpdateCheck = 1120;
				LastUpgradeCheck = 1120;
				ORGANIZATIONNAME = "Steven Berard";
				TargetAttributes = {
					04AFEAE82400807A00C46764 = {
						CreatedOnToolsVersion = 11.2.1;
					};
				};
			};
			buildConfigurationList = 04AFEAE42400807A00C46764 /* Build configuration list for PBXProject "ConflictResolution" */;
			compatibilityVersion = "Xcode 9.3";
			developmentRegion = en;
			hasScannedForEncodings = 0;
			knownRegions = (
				en,
				Base,
			);
			mainGroup = 04AFEAE02400807A00C46764;
			productRefGroup = 04AFEAEA2400807A00C46764 /* Products */;
			projectDirPath = "";
			projectRoot = "";
			targets = (
				04AFEAE82400807A00C46764 /* ConflictResolution */,
			);
		};
/* End PBXProject section */

/* Begin PBXResourcesBuildPhase section */
		04AFEAE72400807A00C46764 /* Resources */ = {
			isa = PBXResourcesBuildPhase;
			buildActionMask = 2147483647;
			files = (
				04AFEAF92400807C00C46764 /* LaunchScreen.storyboard in Resources */,
				04AFEAF62400807C00C46764 /* Assets.xcassets in Resources */,
				04AFEAF42400807A00C46764 /* Main.storyboard in Resources */,
			);
			runOnlyForDeploymentPostprocessing = 0;
		};
/* End PBXResourcesBuildPhase section */

/* Begin PBXSourcesBuildPhase section */
		04AFEAE52400807A00C46764 /* Sources */ = {
			isa = PBXSourcesBuildPhase;
			buildActionMask = 2147483647;
			files = (
				04AFEAF12400807A00C46764 /* ViewController.swift in Sources */,
				04AFEAED2400807A00C46764 /* AppDelegate.swift in Sources */,
				04AFEAEF2400807A00C46764 /* SceneDelegate.swift in Sources */,
			);
			runOnlyForDeploymentPostprocessing = 0;
		};
/* End PBXSourcesBuildPhase section */

/* Begin PBXVariantGroup section */
		04AFEAF22400807A00C46764 /* Main.storyboard */ = {
			isa = PBXVariantGroup;
			children = (
				04AFEAF32400807A00C46764 /* Base */,
			);
			name = Main.storyboard;
			sourceTree = "<group>";
		};
		04AFEAF72400807C00C46764 /* LaunchScreen.storyboard */ = {
			isa = PBXVariantGroup;
			children = (
				04AFEAF82400807C00C46764 /* Base */,
			);
			name = LaunchScreen.storyboard;
			sourceTree = "<group>";
		};
/* End PBXVariantGroup section */

/* Begin XCBuildConfiguration section */
		04AFEAFB2400807C00C46764 /* Debug */ = {
			isa = XCBuildConfiguration;
			buildSettings = {
				ALWAYS_SEARCH_USER_PATHS = NO;
				CLANG_ANALYZER_NONNULL = YES;
				CLANG_ANALYZER_NUMBER_OBJECT_CONVERSION = YES_AGGRESSIVE;
				CLANG_CXX_LANGUAGE_STANDARD = "gnu++14";
				CLANG_CXX_LIBRARY = "libc++";
				CLANG_ENABLE_MODULES = YES;
				CLANG_ENABLE_OBJC_ARC = YES;
				CLANG_ENABLE_OBJC_WEAK = YES;
				CLANG_WARN_BLOCK_CAPTURE_AUTORELEASING = YES;
				CLANG_WARN_BOOL_CONVERSION = YES;
				CLANG_WARN_COMMA = YES;
				CLANG_WARN_CONSTANT_CONVERSION = YES;
				CLANG_WARN_DEPRECATED_OBJC_IMPLEMENTATIONS = YES;
				CLANG_WARN_DIRECT_OBJC_ISA_USAGE = YES_ERROR;
				CLANG_WARN_DOCUMENTATION_COMMENTS = YES;
				CLANG_WARN_EMPTY_BODY = YES;
				CLANG_WARN_ENUM_CONVERSION = YES;
				CLANG_WARN_INFINITE_RECURSION = YES;
				CLANG_WARN_INT_CONVERSION = YES;
				CLANG_WARN_NON_LITERAL_NULL_CONVERSION = YES;
				CLANG_WARN_OBJC_IMPLICIT_RETAIN_SELF = YES;
				CLANG_WARN_OBJC_LITERAL_CONVERSION = YES;
				CLANG_WARN_OBJC_ROOT_CLASS = YES_ERROR;
				CLANG_WARN_RANGE_LOOP_ANALYSIS = YES;
				CLANG_WARN_STRICT_PROTOTYPES = YES;
				CLANG_WARN_SUSPICIOUS_MOVE = YES;
				CLANG_WARN_UNGUARDED_AVAILABILITY = YES_AGGRESSIVE;
				CLANG_WARN_UNREACHABLE_CODE = YES;
				CLANG_WARN__DUPLICATE_METHOD_MATCH = YES;
				COPY_PHASE_STRIP = NO;
				DEBUG_INFORMATION_FORMAT = dwarf;
				ENABLE_STRICT_OBJC_MSGSEND = YES;
				ENABLE_TESTABILITY = YES;
				GCC_C_LANGUAGE_STANDARD = gnu11;
				GCC_DYNAMIC_NO_PIC = NO;
				GCC_NO_COMMON_BLOCKS = YES;
				GCC_OPTIMIZATION_LEVEL = 0;
				GCC_PREPROCESSOR_DEFINITIONS = (
					"DEBUG=1",
					"$(inherited)",
				);
				GCC_WARN_64_TO_32_BIT_CONVERSION = YES;
				GCC_WARN_ABOUT_RETURN_TYPE = YES_ERROR;
				GCC_WARN_UNDECLARED_SELECTOR = YES;
				GCC_WARN_UNINITIALIZED_AUTOS = YES_AGGRESSIVE;
				GCC_WARN_UNUSED_FUNCTION = YES;
				GCC_WARN_UNUSED_VARIABLE = YES;
				IPHONEOS_DEPLOYMENT_TARGET = 13.2;
				MTL_ENABLE_DEBUG_INFO = INCLUDE_SOURCE;
				MTL_FAST_MATH = YES;
				ONLY_ACTIVE_ARCH = YES;
				SDKROOT = iphoneos;
				SWIFT_ACTIVE_COMPILATION_CONDITIONS = DEBUG;
				SWIFT_OPTIMIZATION_LEVEL = "-Onone";
			};
			name = Debug;
		};
		04AFEAFC2400807C00C46764 /* Release */ = {
			isa = XCBuildConfiguration;
			buildSettings = {
				ALWAYS_SEARCH_USER_PATHS = NO;
				CLANG_ANALYZER_NONNULL = YES;
				CLANG_ANALYZER_NUMBER_OBJECT_CONVERSION = YES_AGGRESSIVE;
				CLANG_CXX_LANGUAGE_STANDARD = "gnu++14";
				CLANG_CXX_LIBRARY = "libc++";
				CLANG_ENABLE_MODULES = YES;
				CLANG_ENABLE_OBJC_ARC = YES;
				CLANG_ENABLE_OBJC_WEAK = YES;
				CLANG_WARN_BLOCK_CAPTURE_AUTORELEASING = YES;
				CLANG_WARN_BOOL_CONVERSION = YES;
				CLANG_WARN_COMMA = YES;
				CLANG_WARN_CONSTANT_CONVERSION = YES;
				CLANG_WARN_DEPRECATED_OBJC_IMPLEMENTATIONS = YES;
				CLANG_WARN_DIRECT_OBJC_ISA_USAGE = YES_ERROR;
				CLANG_WARN_DOCUMENTATION_COMMENTS = YES;
				CLANG_WARN_EMPTY_BODY = YES;
				CLANG_WARN_ENUM_CONVERSION = YES;
				CLANG_WARN_INFINITE_RECURSION = YES;
				CLANG_WARN_INT_CONVERSION = YES;
				CLANG_WARN_NON_LITERAL_NULL_CONVERSION = YES;
				CLANG_WARN_OBJC_IMPLICIT_RETAIN_SELF = YES;
				CLANG_WARN_OBJC_LITERAL_CONVERSION = YES;
				CLANG_WARN_OBJC_ROOT_CLASS = YES_ERROR;
				CLANG_WARN_RANGE_LOOP_ANALYSIS = YES;
				CLANG_WARN_STRICT_PROTOTYPES = YES;
				CLANG_WARN_SUSPICIOUS_MOVE = YES;
				CLANG_WARN_UNGUARDED_AVAILABILITY = YES_AGGRESSIVE;
				CLANG_WARN_UNREACHABLE_CODE = YES;
				CLANG_WARN__DUPLICATE_METHOD_MATCH = YES;
				COPY_PHASE_STRIP = NO;
				DEBUG_INFORMATION_FORMAT = "dwarf-with-dsym";
				ENABLE_NS_ASSERTIONS = NO;
				ENABLE_STRICT_OBJC_MSGSEND = YES;
				GCC_C_LANGUAGE_STANDARD = gnu11;
				GCC_NO_COMMON_BLOCKS = YES;
				GCC_WARN_64_TO_32_BIT_CONVERSION = YES;
				GCC_WARN_ABOUT_RETURN_TYPE = YES_ERROR;
				GCC_WARN_UNDECLARED_SELECTOR = YES;
				GCC_WARN_UNINITIALIZED_AUTOS = YES_AGGRESSIVE;
				GCC_WARN_UNUSED_FUNCTION = YES;
				GCC_WARN_UNUSED_VARIABLE = YES;
				IPHONEOS_DEPLOYMENT_TARGET = 13.2;
				MTL_ENABLE_DEBUG_INFO = NO;
				MTL_FAST_MATH = YES;
				SDKROOT = iphoneos;
				SWIFT_COMPILATION_MODE = wholemodule;
				SWIFT_OPTIMIZATION_LEVEL = "-O";
				VALIDATE_PRODUCT = YES;
			};
			name = Release;
		};
		04AFEAFE2400807C00C46764 /* Debug */ = {
			isa = XCBuildConfiguration;
			buildSettings = {
				ASSETCATALOG_COMPILER_APPICON_NAME = AppIcon;
				CODE_SIGN_STYLE = Automatic;
				DEVELOPMENT_TEAM = MGKLTU8Z22;
				INFOPLIST_FILE = ConflictResolution/Info.plist;
				LD_RUNPATH_SEARCH_PATHS = (
					"$(inherited)",
					"@executable_path/Frameworks",
				);
				PRODUCT_BUNDLE_IDENTIFIER = com.stevenberard.ConflictResolution;
				PRODUCT_NAME = "$(TARGET_NAME)";
				SWIFT_VERSION = 5.0;
				TARGETED_DEVICE_FAMILY = "1,2";
			};
			name = Debug;
		};
		04AFEAFF2400807C00C46764 /* Release */ = {
			isa = XCBuildConfiguration;
			buildSettings = {
				ASSETCATALOG_COMPILER_APPICON_NAME = AppIcon;
				CODE_SIGN_STYLE = Automatic;
				DEVELOPMENT_TEAM = MGKLTU8Z22;
				INFOPLIST_FILE = ConflictResolution/Info.plist;
				LD_RUNPATH_SEARCH_PATHS = (
					"$(inherited)",
					"@executable_path/Frameworks",
				);
				PRODUCT_BUNDLE_IDENTIFIER = com.stevenberard.ConflictResolution;
				PRODUCT_NAME = "$(TARGET_NAME)";
				SWIFT_VERSION = 5.0;
				TARGETED_DEVICE_FAMILY = "1,2";
			};
			name = Release;
		};
/* End XCBuildConfiguration section */

/* Begin XCConfigurationList section */
		04AFEAE42400807A00C46764 /* Build configuration list for PBXProject "ConflictResolution" */ = {
			isa = XCConfigurationList;
			buildConfigurations = (
				04AFEAFB2400807C00C46764 /* Debug */,
				04AFEAFC2400807C00C46764 /* Release */,
			);
			defaultConfigurationIsVisible = 0;
			defaultConfigurationName = Release;
		};
		04AFEAFD2400807C00C46764 /* Build configuration list for PBXNativeTarget "ConflictResolution" */ = {
			isa = XCConfigurationList;
			buildConfigurations = (
				04AFEAFE2400807C00C46764 /* Debug */,
				04AFEAFF2400807C00C46764 /* Release */,
			);
			defaultConfigurationIsVisible = 0;
			defaultConfigurationName = Release;
		};
/* End XCConfigurationList section */
	};
	rootObject = 04AFEAE12400807A00C46764 /* Project object */;
}
